
Microsoft Visual Studio Solution File, Format Version 12.00
# Visual Studio Version 17
VisualStudioVersion = 17.5.33627.172
MinimumVisualStudioVersion = 10.0.40219.1
Project("{FAE04EC0-301F-11D3-BF4B-00C04F79EFBC}") = "FindDuplicates", "FindDuplicates.csproj", "{4C13BB83-453C-4DCC-8F7F-BA04D8EB0589}"
EndProject
Global
	GlobalSection(SolutionConfigurationPlatforms) = preSolution
		Debug|Any CPU = Debug|Any CPU
		Release|Any CPU = Release|Any CPU
	EndGlobalSection
	GlobalSection(ProjectConfigurationPlatforms) = postSolution
		{4C13BB83-453C-4DCC-8F7F-BA04D8EB0589}.Debug|Any CPU.ActiveCfg = Debug|Any CPU
		{4C13BB83-453C-4DCC-8F7F-BA04D8EB0589}.Debug|Any CPU.Build.0 = Debug|Any CPU
		{4C13BB83-453C-4DCC-8F7F-BA04D8EB0589}.Release|Any CPU.ActiveCfg = Release|Any CPU
		{4C13BB83-453C-4DCC-8F7F-BA04D8EB0589}.Release|Any CPU.Build.0 = Release|Any CPU
	EndGlobalSection
	GlobalSection(SolutionProperties) = preSolution
		HideSolutionNode = FALSE
	EndGlobalSection
	GlobalSection(ExtensibilityGlobals) = postSolution
		SolutionGuid = {6AF98D08-C23C-4DED-8592-FAB0AECB3074}
	EndGlobalSection
EndGlobal
